
Microsoft Visual Studio Solution File, Format Version 12.00
Project("{FAE04EC0-301F-11D3-BF4B-00C04F79EFBC}") = "Universe.LinuxTaskStats", "Universe.LinuxTaskStats\Universe.LinuxTaskStats.csproj", "{232F181E-FFFF-41A9-9E08-20BD47C201A0}"
EndProject
Project("{FAE04EC0-301F-11D3-BF4B-00C04F79EFBC}") = "Universe.LinuxTaskStats.Tests", "Universe.LinuxTaskStats.Tests\Universe.LinuxTaskStats.Tests.csproj", "{35412741-E31F-4B63-9689-0AC9E88D3100}"
EndProject
Global
	GlobalSection(SolutionConfigurationPlatforms) = preSolution
		Debug|Any CPU = Debug|Any CPU
		Release|Any CPU = Release|Any CPU
	EndGlobalSection
	GlobalSection(ProjectConfigurationPlatforms) = postSolution
		{232F181E-FFFF-41A9-9E08-20BD47C201A0}.Debug|Any CPU.ActiveCfg = Debug|Any CPU
		{232F181E-FFFF-41A9-9E08-20BD47C201A0}.Debug|Any CPU.Build.0 = Debug|Any CPU
		{232F181E-FFFF-41A9-9E08-20BD47C201A0}.Release|Any CPU.ActiveCfg = Release|Any CPU
		{232F181E-FFFF-41A9-9E08-20BD47C201A0}.Release|Any CPU.Build.0 = Release|Any CPU
		{35412741-E31F-4B63-9689-0AC9E88D3100}.Debug|Any CPU.ActiveCfg = Debug|Any CPU
		{35412741-E31F-4B63-9689-0AC9E88D3100}.Debug|Any CPU.Build.0 = Debug|Any CPU
		{35412741-E31F-4B63-9689-0AC9E88D3100}.Release|Any CPU.ActiveCfg = Release|Any CPU
		{35412741-E31F-4B63-9689-0AC9E88D3100}.Release|Any CPU.Build.0 = Release|Any CPU
	EndGlobalSection
EndGlobal
